// !$*UTF8*$!
{
	archiveVersion = 1;
	classes = {
	};
	objectVersion = 46;
	objects = {

/* Begin PBXBuildFile section */
		26315BEF1E6F418A00D2CA0D /* AppDelegate.swift in Sources */ = {isa = PBXBuildFile; fileRef = 26315BEE1E6F418A00D2CA0D /* AppDelegate.swift */; };
		26315BF41E6F418A00D2CA0D /* Main.storyboard in Resources */ = {isa = PBXBuildFile; fileRef = 26315BF21E6F418A00D2CA0D /* Main.storyboard */; };
		26315BF71E6F418A00D2CA0D /* Instagram.xcdatamodeld in Sources */ = {isa = PBXBuildFile; fileRef = 26315BF51E6F418A00D2CA0D /* Instagram.xcdatamodeld */; };
		26315BF91E6F418A00D2CA0D /* Assets.xcassets in Resources */ = {isa = PBXBuildFile; fileRef = 26315BF81E6F418A00D2CA0D /* Assets.xcassets */; };
		26315BFC1E6F418A00D2CA0D /* LaunchScreen.storyboard in Resources */ = {isa = PBXBuildFile; fileRef = 26315BFA1E6F418A00D2CA0D /* LaunchScreen.storyboard */; };
		26315C051E6F4C2F00D2CA0D /* LoginViewController.swift in Sources */ = {isa = PBXBuildFile; fileRef = 26315C041E6F4C2F00D2CA0D /* LoginViewController.swift */; };
		269A22021E6FA2A600E3800D /* HomeViewController.swift in Sources */ = {isa = PBXBuildFile; fileRef = 269A22011E6FA2A600E3800D /* HomeViewController.swift */; };
		269A22051E6FA3F200E3800D /* PFUserExtension.swift in Sources */ = {isa = PBXBuildFile; fileRef = 269A22041E6FA3F200E3800D /* PFUserExtension.swift */; };
		8B09D5E06AF81FFAE300B36C /* Pods_Instagram.framework in Frameworks */ = {isa = PBXBuildFile; fileRef = 854B287D99385F50A6F63E70 /* Pods_Instagram.framework */; };
/* End PBXBuildFile section */

/* Begin PBXFileReference section */
		26315BEB1E6F418A00D2CA0D /* Instagram.app */ = {isa = PBXFileReference; explicitFileType = wrapper.application; includeInIndex = 0; path = Instagram.app; sourceTree = BUILT_PRODUCTS_DIR; };
		26315BEE1E6F418A00D2CA0D /* AppDelegate.swift */ = {isa = PBXFileReference; lastKnownFileType = sourcecode.swift; path = AppDelegate.swift; sourceTree = "<group>"; };
		26315BF31E6F418A00D2CA0D /* Base */ = {isa = PBXFileReference; lastKnownFileType = file.storyboard; name = Base; path = Base.lproj/Main.storyboard; sourceTree = "<group>"; };
		26315BF61E6F418A00D2CA0D /* Instagram.xcdatamodel */ = {isa = PBXFileReference; lastKnownFileType = wrapper.xcdatamodel; path = Instagram.xcdatamodel; sourceTree = "<group>"; };
		26315BF81E6F418A00D2CA0D /* Assets.xcassets */ = {isa = PBXFileReference; lastKnownFileType = folder.assetcatalog; path = Assets.xcassets; sourceTree = "<group>"; };
		26315BFB1E6F418A00D2CA0D /* Base */ = {isa = PBXFileReference; lastKnownFileType = file.storyboard; name = Base; path = Base.lproj/LaunchScreen.storyboard; sourceTree = "<group>"; };
		26315BFD1E6F418A00D2CA0D /* Info.plist */ = {isa = PBXFileReference; lastKnownFileType = text.plist.xml; path = Info.plist; sourceTree = "<group>"; };
		26315C041E6F4C2F00D2CA0D /* LoginViewController.swift */ = {isa = PBXFileReference; fileEncoding = 4; lastKnownFileType = sourcecode.swift; path = LoginViewController.swift; sourceTree = "<group>"; };
		269A22011E6FA2A600E3800D /* HomeViewController.swift */ = {isa = PBXFileReference; fileEncoding = 4; lastKnownFileType = sourcecode.swift; path = HomeViewController.swift; sourceTree = "<group>"; };
		269A22041E6FA3F200E3800D /* PFUserExtension.swift */ = {isa = PBXFileReference; fileEncoding = 4; lastKnownFileType = sourcecode.swift; path = PFUserExtension.swift; sourceTree = "<group>"; };
		3A5DA3AAB6EE0789AD8F54C9 /* Pods-Instagram.debug.xcconfig */ = {isa = PBXFileReference; includeInIndex = 1; lastKnownFileType = text.xcconfig; name = "Pods-Instagram.debug.xcconfig"; path = "Pods/Target Support Files/Pods-Instagram/Pods-Instagram.debug.xcconfig"; sourceTree = "<group>"; };
		854B287D99385F50A6F63E70 /* Pods_Instagram.framework */ = {isa = PBXFileReference; explicitFileType = wrapper.framework; includeInIndex = 0; path = Pods_Instagram.framework; sourceTree = BUILT_PRODUCTS_DIR; };
		D8064A3CBF2309AAF8C61B2E /* Pods-Instagram.release.xcconfig */ = {isa = PBXFileReference; includeInIndex = 1; lastKnownFileType = text.xcconfig; name = "Pods-Instagram.release.xcconfig"; path = "Pods/Target Support Files/Pods-Instagram/Pods-Instagram.release.xcconfig"; sourceTree = "<group>"; };
/* End PBXFileReference section */

/* Begin PBXFrameworksBuildPhase section */
		26315BE81E6F418A00D2CA0D /* Frameworks */ = {
			isa = PBXFrameworksBuildPhase;
			buildActionMask = 2147483647;
			files = (
				8B09D5E06AF81FFAE300B36C /* Pods_Instagram.framework in Frameworks */,
			);
			runOnlyForDeploymentPostprocessing = 0;
		};
/* End PBXFrameworksBuildPhase section */

/* Begin PBXGroup section */
		26315BE21E6F418A00D2CA0D = {
			isa = PBXGroup;
			children = (
				26315BED1E6F418A00D2CA0D /* Instagram */,
				26315BEC1E6F418A00D2CA0D /* Products */,
				A4E678C551330378170DBDF4 /* Pods */,
				3E607DAEC645A4571606D891 /* Frameworks */,
			);
			sourceTree = "<group>";
		};
		26315BEC1E6F418A00D2CA0D /* Products */ = {
			isa = PBXGroup;
			children = (
				26315BEB1E6F418A00D2CA0D /* Instagram.app */,
			);
			name = Products;
			sourceTree = "<group>";
		};
		26315BED1E6F418A00D2CA0D /* Instagram */ = {
			isa = PBXGroup;
			children = (
				269A22031E6FA3BB00E3800D /* Models */,
				26315C031E6F4C1F00D2CA0D /* ViewControllers */,
				26315BEE1E6F418A00D2CA0D /* AppDelegate.swift */,
				26315BF21E6F418A00D2CA0D /* Main.storyboard */,
				26315BF81E6F418A00D2CA0D /* Assets.xcassets */,
				26315BFA1E6F418A00D2CA0D /* LaunchScreen.storyboard */,
				26315BFD1E6F418A00D2CA0D /* Info.plist */,
				26315BF51E6F418A00D2CA0D /* Instagram.xcdatamodeld */,
			);
			path = Instagram;
			sourceTree = "<group>";
		};
		26315C031E6F4C1F00D2CA0D /* ViewControllers */ = {
			isa = PBXGroup;
			children = (
				26315C041E6F4C2F00D2CA0D /* LoginViewController.swift */,
				269A22011E6FA2A600E3800D /* HomeViewController.swift */,
			);
			name = ViewControllers;
			sourceTree = "<group>";
		};
		269A22031E6FA3BB00E3800D /* Models */ = {
			isa = PBXGroup;
			children = (
				269A22041E6FA3F200E3800D /* PFUserExtension.swift */,
			);
			name = Models;
			sourceTree = "<group>";
		};
		3E607DAEC645A4571606D891 /* Frameworks */ = {
			isa = PBXGroup;
			children = (
				854B287D99385F50A6F63E70 /* Pods_Instagram.framework */,
			);
			name = Frameworks;
			sourceTree = "<group>";
		};
		A4E678C551330378170DBDF4 /* Pods */ = {
			isa = PBXGroup;
			children = (
				3A5DA3AAB6EE0789AD8F54C9 /* Pods-Instagram.debug.xcconfig */,
				D8064A3CBF2309AAF8C61B2E /* Pods-Instagram.release.xcconfig */,
			);
			name = Pods;
			sourceTree = "<group>";
		};
/* End PBXGroup section */

/* Begin PBXNativeTarget section */
		26315BEA1E6F418A00D2CA0D /* Instagram */ = {
			isa = PBXNativeTarget;
			buildConfigurationList = 26315C001E6F418A00D2CA0D /* Build configuration list for PBXNativeTarget "Instagram" */;
			buildPhases = (
				D0AD409AD42C0C6A00BB5609 /* [CP] Check Pods Manifest.lock */,
				26315BE71E6F418A00D2CA0D /* Sources */,
				26315BE81E6F418A00D2CA0D /* Frameworks */,
				26315BE91E6F418A00D2CA0D /* Resources */,
				1E31488FF5D204DFC5929BF7 /* [CP] Embed Pods Frameworks */,
				232A5E96C55D2336202AA2D4 /* [CP] Copy Pods Resources */,
			);
			buildRules = (
			);
			dependencies = (
			);
			name = Instagram;
			productName = Instagram;
			productReference = 26315BEB1E6F418A00D2CA0D /* Instagram.app */;
			productType = "com.apple.product-type.application";
		};
/* End PBXNativeTarget section */

/* Begin PBXProject section */
		26315BE31E6F418A00D2CA0D /* Project object */ = {
			isa = PBXProject;
			attributes = {
				LastSwiftUpdateCheck = 0820;
				LastUpgradeCheck = 0820;
				ORGANIZATIONNAME = "William Huang";
				TargetAttributes = {
					26315BEA1E6F418A00D2CA0D = {
						CreatedOnToolsVersion = 8.2.1;
						DevelopmentTeam = KDGWDMD53Y;
						ProvisioningStyle = Automatic;
					};
				};
			};
			buildConfigurationList = 26315BE61E6F418A00D2CA0D /* Build configuration list for PBXProject "Instagram" */;
			compatibilityVersion = "Xcode 3.2";
			developmentRegion = English;
			hasScannedForEncodings = 0;
			knownRegions = (
				en,
				Base,
			);
			mainGroup = 26315BE21E6F418A00D2CA0D;
			productRefGroup = 26315BEC1E6F418A00D2CA0D /* Products */;
			projectDirPath = "";
			projectRoot = "";
			targets = (
				26315BEA1E6F418A00D2CA0D /* Instagram */,
			);
		};
/* End PBXProject section */

/* Begin PBXResourcesBuildPhase section */
		26315BE91E6F418A00D2CA0D /* Resources */ = {
			isa = PBXResourcesBuildPhase;
			buildActionMask = 2147483647;
			files = (
				26315BFC1E6F418A00D2CA0D /* LaunchScreen.storyboard in Resources */,
				26315BF91E6F418A00D2CA0D /* Assets.xcassets in Resources */,
				26315BF41E6F418A00D2CA0D /* Main.storyboard in Resources */,
			);
			runOnlyForDeploymentPostprocessing = 0;
		};
/* End PBXResourcesBuildPhase section */

/* Begin PBXShellScriptBuildPhase section */
		1E31488FF5D204DFC5929BF7 /* [CP] Embed Pods Frameworks */ = {
			isa = PBXShellScriptBuildPhase;
			buildActionMask = 2147483647;
			files = (
			);
			inputPaths = (
			);
			name = "[CP] Embed Pods Frameworks";
			outputPaths = (
			);
			runOnlyForDeploymentPostprocessing = 0;
			shellPath = /bin/sh;
			shellScript = "\"${SRCROOT}/Pods/Target Support Files/Pods-Instagram/Pods-Instagram-frameworks.sh\"\n";
			showEnvVarsInLog = 0;
		};
		232A5E96C55D2336202AA2D4 /* [CP] Copy Pods Resources */ = {
			isa = PBXShellScriptBuildPhase;
			buildActionMask = 2147483647;
			files = (
			);
			inputPaths = (
			);
			name = "[CP] Copy Pods Resources";
			outputPaths = (
			);
			runOnlyForDeploymentPostprocessing = 0;
			shellPath = /bin/sh;
			shellScript = "\"${SRCROOT}/Pods/Target Support Files/Pods-Instagram/Pods-Instagram-resources.sh\"\n";
			showEnvVarsInLog = 0;
		};
		D0AD409AD42C0C6A00BB5609 /* [CP] Check Pods Manifest.lock */ = {
			isa = PBXShellScriptBuildPhase;
			buildActionMask = 2147483647;
			files = (
			);
			inputPaths = (
			);
			name = "[CP] Check Pods Manifest.lock";
			outputPaths = (
			);
			runOnlyForDeploymentPostprocessing = 0;
			shellPath = /bin/sh;
			shellScript = "diff \"${PODS_ROOT}/../Podfile.lock\" \"${PODS_ROOT}/Manifest.lock\" > /dev/null\nif [ $? != 0 ] ; then\n    # print error to STDERR\n    echo \"error: The sandbox is not in sync with the Podfile.lock. Run 'pod install' or update your CocoaPods installation.\" >&2\n    exit 1\nfi\n";
			showEnvVarsInLog = 0;
		};
/* End PBXShellScriptBuildPhase section */

/* Begin PBXSourcesBuildPhase section */
		26315BE71E6F418A00D2CA0D /* Sources */ = {
			isa = PBXSourcesBuildPhase;
			buildActionMask = 2147483647;
			files = (
				269A22051E6FA3F200E3800D /* PFUserExtension.swift in Sources */,
				26315C051E6F4C2F00D2CA0D /* LoginViewController.swift in Sources */,
				26315BF71E6F418A00D2CA0D /* Instagram.xcdatamodeld in Sources */,
				26315BEF1E6F418A00D2CA0D /* AppDelegate.swift in Sources */,
				269A22021E6FA2A600E3800D /* HomeViewController.swift in Sources */,
			);
			runOnlyForDeploymentPostprocessing = 0;
		};
/* End PBXSourcesBuildPhase section */

/* Begin PBXVariantGroup section */
		26315BF21E6F418A00D2CA0D /* Main.storyboard */ = {
			isa = PBXVariantGroup;
			children = (
				26315BF31E6F418A00D2CA0D /* Base */,
			);
			name = Main.storyboard;
			sourceTree = "<group>";
		};
		26315BFA1E6F418A00D2CA0D /* LaunchScreen.storyboard */ = {
			isa = PBXVariantGroup;
			children = (
				26315BFB1E6F418A00D2CA0D /* Base */,
			);
			name = LaunchScreen.storyboard;
			sourceTree = "<group>";
		};
/* End PBXVariantGroup section */

/* Begin XCBuildConfiguration section */
		26315BFE1E6F418A00D2CA0D /* Debug */ = {
			isa = XCBuildConfiguration;
			buildSettings = {
				ALWAYS_SEARCH_USER_PATHS = NO;
				CLANG_ANALYZER_NONNULL = YES;
				CLANG_CXX_LANGUAGE_STANDARD = "gnu++0x";
				CLANG_CXX_LIBRARY = "libc++";
				CLANG_ENABLE_MODULES = YES;
				CLANG_ENABLE_OBJC_ARC = YES;
				CLANG_WARN_BOOL_CONVERSION = YES;
				CLANG_WARN_CONSTANT_CONVERSION = YES;
				CLANG_WARN_DIRECT_OBJC_ISA_USAGE = YES_ERROR;
				CLANG_WARN_DOCUMENTATION_COMMENTS = YES;
				CLANG_WARN_EMPTY_BODY = YES;
				CLANG_WARN_ENUM_CONVERSION = YES;
				CLANG_WARN_INFINITE_RECURSION = YES;
				CLANG_WARN_INT_CONVERSION = YES;
				CLANG_WARN_OBJC_ROOT_CLASS = YES_ERROR;
				CLANG_WARN_SUSPICIOUS_MOVE = YES;
				CLANG_WARN_UNREACHABLE_CODE = YES;
				CLANG_WARN__DUPLICATE_METHOD_MATCH = YES;
				"CODE_SIGN_IDENTITY[sdk=iphoneos*]" = "iPhone Developer";
				COPY_PHASE_STRIP = NO;
				DEBUG_INFORMATION_FORMAT = dwarf;
				ENABLE_STRICT_OBJC_MSGSEND = YES;
				ENABLE_TESTABILITY = YES;
				GCC_C_LANGUAGE_STANDARD = gnu99;
				GCC_DYNAMIC_NO_PIC = NO;
				GCC_NO_COMMON_BLOCKS = YES;
				GCC_OPTIMIZATION_LEVEL = 0;
				GCC_PREPROCESSOR_DEFINITIONS = (
					"DEBUG=1",
					"$(inherited)",
				);
				GCC_WARN_64_TO_32_BIT_CONVERSION = YES;
				GCC_WARN_ABOUT_RETURN_TYPE = YES_ERROR;
				GCC_WARN_UNDECLARED_SELECTOR = YES;
				GCC_WARN_UNINITIALIZED_AUTOS = YES_AGGRESSIVE;
				GCC_WARN_UNUSED_FUNCTION = YES;
				GCC_WARN_UNUSED_VARIABLE = YES;
				IPHONEOS_DEPLOYMENT_TARGET = 10.2;
				MTL_ENABLE_DEBUG_INFO = YES;
				ONLY_ACTIVE_ARCH = YES;
				SDKROOT = iphoneos;
				SWIFT_ACTIVE_COMPILATION_CONDITIONS = DEBUG;
				SWIFT_OPTIMIZATION_LEVEL = "-Onone";
			};
			name = Debug;
		};
		26315BFF1E6F418A00D2CA0D /* Release */ = {
			isa = XCBuildConfiguration;
			buildSettings = {
				ALWAYS_SEARCH_USER_PATHS = NO;
				CLANG_ANALYZER_NONNULL = YES;
				CLANG_CXX_LANGUAGE_STANDARD = "gnu++0x";
				CLANG_CXX_LIBRARY = "libc++";
				CLANG_ENABLE_MODULES = YES;
				CLANG_ENABLE_OBJC_ARC = YES;
				CLANG_WARN_BOOL_CONVERSION = YES;
				CLANG_WARN_CONSTANT_CONVERSION = YES;
				CLANG_WARN_DIRECT_OBJC_ISA_USAGE = YES_ERROR;
				CLANG_WARN_DOCUMENTATION_COMMENTS = YES;
				CLANG_WARN_EMPTY_BODY = YES;
				CLANG_WARN_ENUM_CONVERSION = YES;
				CLANG_WARN_INFINITE_RECURSION = YES;
				CLANG_WARN_INT_CONVERSION = YES;
				CLANG_WARN_OBJC_ROOT_CLASS = YES_ERROR;
				CLANG_WARN_SUSPICIOUS_MOVE = YES;
				CLANG_WARN_UNREACHABLE_CODE = YES;
				CLANG_WARN__DUPLICATE_METHOD_MATCH = YES;
				"CODE_SIGN_IDENTITY[sdk=iphoneos*]" = "iPhone Developer";
				COPY_PHASE_STRIP = NO;
				DEBUG_INFORMATION_FORMAT = "dwarf-with-dsym";
				ENABLE_NS_ASSERTIONS = NO;
				ENABLE_STRICT_OBJC_MSGSEND = YES;
				GCC_C_LANGUAGE_STANDARD = gnu99;
				GCC_NO_COMMON_BLOCKS = YES;
				GCC_WARN_64_TO_32_BIT_CONVERSION = YES;
				GCC_WARN_ABOUT_RETURN_TYPE = YES_ERROR;
				GCC_WARN_UNDECLARED_SELECTOR = YES;
				GCC_WARN_UNINITIALIZED_AUTOS = YES_AGGRESSIVE;
				GCC_WARN_UNUSED_FUNCTION = YES;
				GCC_WARN_UNUSED_VARIABLE = YES;
				IPHONEOS_DEPLOYMENT_TARGET = 10.2;
				MTL_ENABLE_DEBUG_INFO = NO;
				SDKROOT = iphoneos;
				SWIFT_OPTIMIZATION_LEVEL = "-Owholemodule";
				VALIDATE_PRODUCT = YES;
			};
			name = Release;
		};
		26315C011E6F418A00D2CA0D /* Debug */ = {
			isa = XCBuildConfiguration;
			baseConfigurationReference = 3A5DA3AAB6EE0789AD8F54C9 /* Pods-Instagram.debug.xcconfig */;
			buildSettings = {
				ASSETCATALOG_COMPILER_APPICON_NAME = AppIcon;
				DEVELOPMENT_TEAM = KDGWDMD53Y;
				INFOPLIST_FILE = Instagram/Info.plist;
				LD_RUNPATH_SEARCH_PATHS = "$(inherited) @executable_path/Frameworks";
				PRODUCT_BUNDLE_IDENTIFIER = com.williamhuang.Instagram;
				PRODUCT_NAME = "$(TARGET_NAME)";
				SWIFT_VERSION = 3.0;
			};
			name = Debug;
		};
		26315C021E6F418A00D2CA0D /* Release */ = {
			isa = XCBuildConfiguration;
			baseConfigurationReference = D8064A3CBF2309AAF8C61B2E /* Pods-Instagram.release.xcconfig */;
			buildSettings = {
				ASSETCATALOG_COMPILER_APPICON_NAME = AppIcon;
				DEVELOPMENT_TEAM = KDGWDMD53Y;
				INFOPLIST_FILE = Instagram/Info.plist;
				LD_RUNPATH_SEARCH_PATHS = "$(inherited) @executable_path/Frameworks";
				PRODUCT_BUNDLE_IDENTIFIER = com.williamhuang.Instagram;
				PRODUCT_NAME = "$(TARGET_NAME)";
				SWIFT_VERSION = 3.0;
			};
			name = Release;
		};
/* End XCBuildConfiguration section */

/* Begin XCConfigurationList section */
		26315BE61E6F418A00D2CA0D /* Build configuration list for PBXProject "Instagram" */ = {
			isa = XCConfigurationList;
			buildConfigurations = (
				26315BFE1E6F418A00D2CA0D /* Debug */,
				26315BFF1E6F418A00D2CA0D /* Release */,
			);
			defaultConfigurationIsVisible = 0;
			defaultConfigurationName = Release;
		};
		26315C001E6F418A00D2CA0D /* Build configuration list for PBXNativeTarget "Instagram" */ = {
			isa = XCConfigurationList;
			buildConfigurations = (
				26315C011E6F418A00D2CA0D /* Debug */,
				26315C021E6F418A00D2CA0D /* Release */,
			);
			defaultConfigurationIsVisible = 0;
			defaultConfigurationName = Release;
		};
/* End XCConfigurationList section */

/* Begin XCVersionGroup section */
		26315BF51E6F418A00D2CA0D /* Instagram.xcdatamodeld */ = {
			isa = XCVersionGroup;
			children = (
				26315BF61E6F418A00D2CA0D /* Instagram.xcdatamodel */,
			);
			currentVersion = 26315BF61E6F418A00D2CA0D /* Instagram.xcdatamodel */;
			path = Instagram.xcdatamodeld;
			sourceTree = "<group>";
			versionGroupType = wrapper.xcdatamodel;
		};
/* End XCVersionGroup section */
	};
	rootObject = 26315BE31E6F418A00D2CA0D /* Project object */;
}
